
Microsoft Visual Studio Solution File, Format Version 12.00
# Visual Studio 15
VisualStudioVersion = 15.0.27428.1
MinimumVisualStudioVersion = 10.0.40219.1
Project("{FAE04EC0-301F-11D3-BF4B-00C04F79EFBC}") = "ConsoleHost", "ConsoleHost\ConsoleHost.csproj", "{C3116F85-F88A-4FAF-B124-C586F067383B}"
EndProject
Project("{FAE04EC0-301F-11D3-BF4B-00C04F79EFBC}") = "GraphHost", "GraphHost\GraphHost.csproj", "{9426E1AE-8C99-44F7-900E-FF7EFAF432AD}"
EndProject
Project("{FAE04EC0-301F-11D3-BF4B-00C04F79EFBC}") = "GraphicScript", "GraphicScript\GraphicScript.csproj", "{DBA03C5F-486A-426C-8000-BD0FAEFA8B52}"
EndProject
Project("{9A19103F-16F7-4668-BE54-9A1E7A4F7556}") = "Lens", "Lens\Lens.csproj", "{73D3070E-E549-46A7-8DE8-480971886B0B}"
EndProject
Project("{FAE04EC0-301F-11D3-BF4B-00C04F79EFBC}") = "Lens.Test", "Lens.Test\Lens.Test.csproj", "{A49FC360-C3D9-427C-98F9-649FE969882B}"
EndProject
Global
	GlobalSection(SolutionConfigurationPlatforms) = preSolution
		Debug|Any CPU = Debug|Any CPU
		Debug|Mono = Debug|Mono
		Debug|x86 = Debug|x86
		Release|Any CPU = Release|Any CPU
		Release|Mono = Release|Mono
		Release|x86 = Release|x86
	EndGlobalSection
	GlobalSection(ProjectConfigurationPlatforms) = postSolution
		{C3116F85-F88A-4FAF-B124-C586F067383B}.Debug|Any CPU.ActiveCfg = Debug|Any CPU
		{C3116F85-F88A-4FAF-B124-C586F067383B}.Debug|Any CPU.Build.0 = Debug|Any CPU
		{C3116F85-F88A-4FAF-B124-C586F067383B}.Debug|Mono.ActiveCfg = Debug|Any CPU
		{C3116F85-F88A-4FAF-B124-C586F067383B}.Debug|Mono.Build.0 = Debug|Any CPU
		{C3116F85-F88A-4FAF-B124-C586F067383B}.Debug|x86.ActiveCfg = Debug|x86
		{C3116F85-F88A-4FAF-B124-C586F067383B}.Debug|x86.Build.0 = Debug|x86
		{C3116F85-F88A-4FAF-B124-C586F067383B}.Release|Any CPU.ActiveCfg = Release|Any CPU
		{C3116F85-F88A-4FAF-B124-C586F067383B}.Release|Any CPU.Build.0 = Release|Any CPU
		{C3116F85-F88A-4FAF-B124-C586F067383B}.Release|Mono.ActiveCfg = Release|Any CPU
		{C3116F85-F88A-4FAF-B124-C586F067383B}.Release|Mono.Build.0 = Release|Any CPU
		{C3116F85-F88A-4FAF-B124-C586F067383B}.Release|x86.ActiveCfg = Release|x86
		{C3116F85-F88A-4FAF-B124-C586F067383B}.Release|x86.Build.0 = Release|x86
		{9426E1AE-8C99-44F7-900E-FF7EFAF432AD}.Debug|Any CPU.ActiveCfg = Debug|Any CPU
		{9426E1AE-8C99-44F7-900E-FF7EFAF432AD}.Debug|Any CPU.Build.0 = Debug|Any CPU
		{9426E1AE-8C99-44F7-900E-FF7EFAF432AD}.Debug|Mono.ActiveCfg = Debug|Any CPU
		{9426E1AE-8C99-44F7-900E-FF7EFAF432AD}.Debug|x86.ActiveCfg = Debug|x86
		{9426E1AE-8C99-44F7-900E-FF7EFAF432AD}.Debug|x86.Build.0 = Debug|x86
		{9426E1AE-8C99-44F7-900E-FF7EFAF432AD}.Release|Any CPU.ActiveCfg = Release|Any CPU
		{9426E1AE-8C99-44F7-900E-FF7EFAF432AD}.Release|Any CPU.Build.0 = Release|Any CPU
		{9426E1AE-8C99-44F7-900E-FF7EFAF432AD}.Release|Mono.ActiveCfg = Release|Any CPU
		{9426E1AE-8C99-44F7-900E-FF7EFAF432AD}.Release|x86.ActiveCfg = Release|x86
		{9426E1AE-8C99-44F7-900E-FF7EFAF432AD}.Release|x86.Build.0 = Release|x86
		{DBA03C5F-486A-426C-8000-BD0FAEFA8B52}.Debug|Any CPU.ActiveCfg = Debug|Any CPU
		{DBA03C5F-486A-426C-8000-BD0FAEFA8B52}.Debug|Any CPU.Build.0 = Debug|Any CPU
		{DBA03C5F-486A-426C-8000-BD0FAEFA8B52}.Debug|Mono.ActiveCfg = Debug|Any CPU
		{DBA03C5F-486A-426C-8000-BD0FAEFA8B52}.Debug|x86.ActiveCfg = Debug|x86
		{DBA03C5F-486A-426C-8000-BD0FAEFA8B52}.Debug|x86.Build.0 = Debug|x86
		{DBA03C5F-486A-426C-8000-BD0FAEFA8B52}.Release|Any CPU.ActiveCfg = Release|Any CPU
		{DBA03C5F-486A-426C-8000-BD0FAEFA8B52}.Release|Any CPU.Build.0 = Release|Any CPU
		{DBA03C5F-486A-426C-8000-BD0FAEFA8B52}.Release|Mono.ActiveCfg = Release|Any CPU
		{DBA03C5F-486A-426C-8000-BD0FAEFA8B52}.Release|x86.ActiveCfg = Release|x86
		{DBA03C5F-486A-426C-8000-BD0FAEFA8B52}.Release|x86.Build.0 = Release|x86
		{73D3070E-E549-46A7-8DE8-480971886B0B}.Debug|Any CPU.ActiveCfg = Debug|Any CPU
		{73D3070E-E549-46A7-8DE8-480971886B0B}.Debug|Any CPU.Build.0 = Debug|Any CPU
		{73D3070E-E549-46A7-8DE8-480971886B0B}.Debug|Mono.ActiveCfg = Debug|Any CPU
		{73D3070E-E549-46A7-8DE8-480971886B0B}.Debug|Mono.Build.0 = Debug|Any CPU
		{73D3070E-E549-46A7-8DE8-480971886B0B}.Debug|x86.ActiveCfg = Debug|Any CPU
		{73D3070E-E549-46A7-8DE8-480971886B0B}.Debug|x86.Build.0 = Debug|Any CPU
		{73D3070E-E549-46A7-8DE8-480971886B0B}.Release|Any CPU.ActiveCfg = Release|Any CPU
		{73D3070E-E549-46A7-8DE8-480971886B0B}.Release|Any CPU.Build.0 = Release|Any CPU
		{73D3070E-E549-46A7-8DE8-480971886B0B}.Release|Mono.ActiveCfg = Release|Any CPU
		{73D3070E-E549-46A7-8DE8-480971886B0B}.Release|Mono.Build.0 = Release|Any CPU
		{73D3070E-E549-46A7-8DE8-480971886B0B}.Release|x86.ActiveCfg = Release|Any CPU
		{73D3070E-E549-46A7-8DE8-480971886B0B}.Release|x86.Build.0 = Release|Any CPU
		{A49FC360-C3D9-427C-98F9-649FE969882B}.Debug|Any CPU.ActiveCfg = Debug|Any CPU
		{A49FC360-C3D9-427C-98F9-649FE969882B}.Debug|Any CPU.Build.0 = Debug|Any CPU
		{A49FC360-C3D9-427C-98F9-649FE969882B}.Debug|Mono.ActiveCfg = Debug|Any CPU
		{A49FC360-C3D9-427C-98F9-649FE969882B}.Debug|Mono.Build.0 = Debug|Any CPU
		{A49FC360-C3D9-427C-98F9-649FE969882B}.Debug|x86.ActiveCfg = Debug|Any CPU
		{A49FC360-C3D9-427C-98F9-649FE969882B}.Debug|x86.Build.0 = Debug|Any CPU
		{A49FC360-C3D9-427C-98F9-649FE969882B}.Release|Any CPU.ActiveCfg = Release|Any CPU
		{A49FC360-C3D9-427C-98F9-649FE969882B}.Release|Any CPU.Build.0 = Release|Any CPU
		{A49FC360-C3D9-427C-98F9-649FE969882B}.Release|Mono.ActiveCfg = Release|Any CPU
		{A49FC360-C3D9-427C-98F9-649FE969882B}.Release|Mono.Build.0 = Release|Any CPU
		{A49FC360-C3D9-427C-98F9-649FE969882B}.Release|x86.ActiveCfg = Release|Any CPU
		{A49FC360-C3D9-427C-98F9-649FE969882B}.Release|x86.Build.0 = Release|Any CPU
	EndGlobalSection
	GlobalSection(SolutionProperties) = preSolution
		HideSolutionNode = FALSE
	EndGlobalSection
	GlobalSection(ExtensibilityGlobals) = postSolution
		SolutionGuid = {EB989D5C-EE92-4465-815C-69AF16A9E1A1}
	EndGlobalSection
EndGlobal
