
Microsoft Visual Studio Solution File, Format Version 11.00
# Visual Studio 2010
Project("{FAE04EC0-301F-11D3-BF4B-00C04F79EFBC}") = "Lens", "Lens\Lens.csproj", "{C25C8A95-F24A-4914-9000-A73313E1E464}"
EndProject
Project("{FAE04EC0-301F-11D3-BF4B-00C04F79EFBC}") = "SampleHost", "SampleHost\SampleHost.csproj", "{A09886D4-B2DC-4141-AD47-ACFAF0232ADE}"
EndProject
Project("{F2A71F9B-5D33-465A-A702-920D77279786}") = "Lens.Parser", "Lens.Parser\Lens.Parser.fsproj", "{8771C27C-8D41-42D4-B99C-56545E20D547}"
EndProject
Project("{FAE04EC0-301F-11D3-BF4B-00C04F79EFBC}") = "Lens.SyntaxTree", "Lens.SyntaxTree\Lens.SyntaxTree.csproj", "{7987774D-17A7-4E76-AE13-C03F2CC31B9C}"
EndProject
Global
	GlobalSection(SolutionConfigurationPlatforms) = preSolution
		Debug|Any CPU = Debug|Any CPU
		Debug|Mixed Platforms = Debug|Mixed Platforms
		Debug|x86 = Debug|x86
		Release|Any CPU = Release|Any CPU
		Release|Mixed Platforms = Release|Mixed Platforms
		Release|x86 = Release|x86
	EndGlobalSection
	GlobalSection(ProjectConfigurationPlatforms) = postSolution
		{C25C8A95-F24A-4914-9000-A73313E1E464}.Debug|Any CPU.ActiveCfg = Debug|Any CPU
		{C25C8A95-F24A-4914-9000-A73313E1E464}.Debug|Any CPU.Build.0 = Debug|Any CPU
		{C25C8A95-F24A-4914-9000-A73313E1E464}.Debug|Mixed Platforms.ActiveCfg = Debug|Any CPU
		{C25C8A95-F24A-4914-9000-A73313E1E464}.Debug|Mixed Platforms.Build.0 = Debug|Any CPU
		{C25C8A95-F24A-4914-9000-A73313E1E464}.Debug|x86.ActiveCfg = Debug|Any CPU
		{C25C8A95-F24A-4914-9000-A73313E1E464}.Release|Any CPU.ActiveCfg = Release|Any CPU
		{C25C8A95-F24A-4914-9000-A73313E1E464}.Release|Any CPU.Build.0 = Release|Any CPU
		{C25C8A95-F24A-4914-9000-A73313E1E464}.Release|Mixed Platforms.ActiveCfg = Release|Any CPU
		{C25C8A95-F24A-4914-9000-A73313E1E464}.Release|Mixed Platforms.Build.0 = Release|Any CPU
		{C25C8A95-F24A-4914-9000-A73313E1E464}.Release|x86.ActiveCfg = Release|Any CPU
		{A09886D4-B2DC-4141-AD47-ACFAF0232ADE}.Debug|Any CPU.ActiveCfg = Debug|x86
		{A09886D4-B2DC-4141-AD47-ACFAF0232ADE}.Debug|Mixed Platforms.ActiveCfg = Debug|x86
		{A09886D4-B2DC-4141-AD47-ACFAF0232ADE}.Debug|Mixed Platforms.Build.0 = Debug|x86
		{A09886D4-B2DC-4141-AD47-ACFAF0232ADE}.Debug|x86.ActiveCfg = Debug|x86
		{A09886D4-B2DC-4141-AD47-ACFAF0232ADE}.Debug|x86.Build.0 = Debug|x86
		{A09886D4-B2DC-4141-AD47-ACFAF0232ADE}.Release|Any CPU.ActiveCfg = Release|x86
		{A09886D4-B2DC-4141-AD47-ACFAF0232ADE}.Release|Mixed Platforms.ActiveCfg = Release|x86
		{A09886D4-B2DC-4141-AD47-ACFAF0232ADE}.Release|Mixed Platforms.Build.0 = Release|x86
		{A09886D4-B2DC-4141-AD47-ACFAF0232ADE}.Release|x86.ActiveCfg = Release|x86
		{A09886D4-B2DC-4141-AD47-ACFAF0232ADE}.Release|x86.Build.0 = Release|x86
		{8771C27C-8D41-42D4-B99C-56545E20D547}.Debug|Any CPU.ActiveCfg = Debug|x86
		{8771C27C-8D41-42D4-B99C-56545E20D547}.Debug|Mixed Platforms.ActiveCfg = Debug|x86
		{8771C27C-8D41-42D4-B99C-56545E20D547}.Debug|Mixed Platforms.Build.0 = Debug|x86
		{8771C27C-8D41-42D4-B99C-56545E20D547}.Debug|x86.ActiveCfg = Debug|x86
		{8771C27C-8D41-42D4-B99C-56545E20D547}.Debug|x86.Build.0 = Debug|x86
		{8771C27C-8D41-42D4-B99C-56545E20D547}.Release|Any CPU.ActiveCfg = Release|x86
		{8771C27C-8D41-42D4-B99C-56545E20D547}.Release|Mixed Platforms.ActiveCfg = Release|x86
		{8771C27C-8D41-42D4-B99C-56545E20D547}.Release|Mixed Platforms.Build.0 = Release|x86
		{8771C27C-8D41-42D4-B99C-56545E20D547}.Release|x86.ActiveCfg = Release|x86
		{8771C27C-8D41-42D4-B99C-56545E20D547}.Release|x86.Build.0 = Release|x86
		{7987774D-17A7-4E76-AE13-C03F2CC31B9C}.Debug|Any CPU.ActiveCfg = Debug|Any CPU
		{7987774D-17A7-4E76-AE13-C03F2CC31B9C}.Debug|Any CPU.Build.0 = Debug|Any CPU
		{7987774D-17A7-4E76-AE13-C03F2CC31B9C}.Debug|Mixed Platforms.ActiveCfg = Debug|Any CPU
		{7987774D-17A7-4E76-AE13-C03F2CC31B9C}.Debug|Mixed Platforms.Build.0 = Debug|Any CPU
		{7987774D-17A7-4E76-AE13-C03F2CC31B9C}.Debug|x86.ActiveCfg = Debug|Any CPU
		{7987774D-17A7-4E76-AE13-C03F2CC31B9C}.Release|Any CPU.ActiveCfg = Release|Any CPU
		{7987774D-17A7-4E76-AE13-C03F2CC31B9C}.Release|Any CPU.Build.0 = Release|Any CPU
		{7987774D-17A7-4E76-AE13-C03F2CC31B9C}.Release|Mixed Platforms.ActiveCfg = Release|Any CPU
		{7987774D-17A7-4E76-AE13-C03F2CC31B9C}.Release|Mixed Platforms.Build.0 = Release|Any CPU
		{7987774D-17A7-4E76-AE13-C03F2CC31B9C}.Release|x86.ActiveCfg = Release|Any CPU
	EndGlobalSection
	GlobalSection(SolutionProperties) = preSolution
		HideSolutionNode = FALSE
	EndGlobalSection
EndGlobal
